
Microsoft Visual Studio Solution File, Format Version 12.00
# Visual Studio Version 17
VisualStudioVersion = 17.14.36429.23 d17.14
MinimumVisualStudioVersion = 10.0.40219.1
Project("{FAE04EC0-301F-11D3-BF4B-00C04F79EFBC}") = "pryGestioInventarioVidela", "pryGestioInventarioVidela\pryGestioInventarioVidela.csproj", "{3040E516-EC7C-4A7B-9552-9C2EB27D7296}"
EndProject
Global
	GlobalSection(SolutionConfigurationPlatforms) = preSolution
		Debug|Any CPU = Debug|Any CPU
		Release|Any CPU = Release|Any CPU
	EndGlobalSection
	GlobalSection(ProjectConfigurationPlatforms) = postSolution
		{3040E516-EC7C-4A7B-9552-9C2EB27D7296}.Debug|Any CPU.ActiveCfg = Debug|Any CPU
		{3040E516-EC7C-4A7B-9552-9C2EB27D7296}.Debug|Any CPU.Build.0 = Debug|Any CPU
		{3040E516-EC7C-4A7B-9552-9C2EB27D7296}.Release|Any CPU.ActiveCfg = Release|Any CPU
		{3040E516-EC7C-4A7B-9552-9C2EB27D7296}.Release|Any CPU.Build.0 = Release|Any CPU
	EndGlobalSection
	GlobalSection(SolutionProperties) = preSolution
		HideSolutionNode = FALSE
	EndGlobalSection
	GlobalSection(ExtensibilityGlobals) = postSolution
		SolutionGuid = {195ED3E6-E605-4C89-80B8-8906D4E0660B}
	EndGlobalSection
EndGlobal
